#MicroXplorer Configuration settings - do not modify
ADC.IPParameters=NbrOfConversion,SelectedChannel,SamplingTimeCommon1,SamplingTimeCommon2
ADC.NbrOfConversion=1
ADC.SamplingTimeCommon1=ADC_SAMPLETIME_160CYCLES_5
ADC.SamplingTimeCommon2=ADC_SAMPLETIME_160CYCLES_5
ADC.SelectedChannel=ADC_CHANNEL_TEMPSENSOR|ADC_CHANNEL_VREFINT
Dma.Request0=USART1_TX
Dma.RequestsNb=1
Dma.USART1_TX.0.Channel_PRIV_NPRIV=DMA_CHANNEL_NPRIV_DISABLE
Dma.USART1_TX.0.Direction=DMA_MEMORY_TO_PERIPH
Dma.USART1_TX.0.EventEnable=DISABLE
Dma.USART1_TX.0.Instance=DMA1_Channel1
Dma.USART1_TX.0.MemDataAlignment=DMA_MDATAALIGN_BYTE
Dma.USART1_TX.0.MemInc=DMA_MINC_ENABLE
Dma.USART1_TX.0.Mode=DMA_NORMAL
Dma.USART1_TX.0.PeriphDataAlignment=DMA_PDATAALIGN_BYTE
Dma.USART1_TX.0.PeriphInc=DMA_PINC_DISABLE
Dma.USART1_TX.0.Polarity=HAL_DMAMUX_REQ_GEN_RISING
Dma.USART1_TX.0.Priority=DMA_PRIORITY_LOW
Dma.USART1_TX.0.RequestNumber=1
Dma.USART1_TX.0.RequestParameters=Instance,Direction,PeriphInc,MemInc,PeriphDataAlignment,MemDataAlignment,Mode,Priority,SignalID,Polarity,RequestNumber,SyncSignalID,SyncPolarity,SyncEnable,EventEnable,SyncRequestNumber,Channel_PRIV_NPRIV
Dma.USART1_TX.0.SignalID=NONE
Dma.USART1_TX.0.SyncEnable=DISABLE
Dma.USART1_TX.0.SyncPolarity=HAL_DMAMUX_SYNC_NO_EVENT
Dma.USART1_TX.0.SyncRequestNumber=1
Dma.USART1_TX.0.SyncSignalID=NONE
File.Version=6
GPIO.groupedBy=Group By Peripherals
I2C2.IPParameters=Timing
I2C2.Timing=0x20303E5D
KeepUserPlacement=false
LORAWAN.APP_TX_DUTYCYCLE=60000
LORAWAN.Activate_BOARD_RESOURCES=M4
LORAWAN.IPParameters=SUBGHZ_APPLICATION,USE_LPM,Activate_BOARD_RESOURCES,REGION_KR920,STATIC_DEVICE_EUI,LORAWAN_APP_KEY,APP_TX_DUTYCYCLE,TX_RFO_CONFIG
LORAWAN.LORAWAN_APP_KEY=3C,4F,CF,09,88,15,F7,AB,A6,D2,AE,28,16,15,7E,2B
LORAWAN.REGION_KR920=true
LORAWAN.STATIC_DEVICE_EUI=false
LORAWAN.SUBGHZ_APPLICATION=LORA_END_NODE
LORAWAN.TX_RFO_CONFIG=RBI_CONF_RFO_HP
LORAWAN.USE_LPM=true
LoRaWAN.BSP.number=5
LoRaWAN0.BSP.STBoard=false
LoRaWAN0.BSP.api=Unknown
LoRaWAN0.BSP.component=
LoRaWAN0.BSP.condition=\!SEM_LORA_USER_APPLICATION | SEM_LORA_USE_ADC
LoRaWAN0.BSP.i2caddr=0
LoRaWAN0.BSP.i2creg=
LoRaWAN0.BSP.instance=ADC
LoRaWAN0.BSP.ip=ADC
LoRaWAN0.BSP.mode=Vrefint Channel
LoRaWAN0.BSP.name=ADC
LoRaWAN0.BSP.semaphore=
LoRaWAN0.BSP.solution=ADC
LoRaWAN1.BSP.STBoard=false
LoRaWAN1.BSP.api=Unknown
LoRaWAN1.BSP.component=
LoRaWAN1.BSP.condition=\!SEM_LORA_USER_APPLICATION | SEM_LORA_USE_RTC
LoRaWAN1.BSP.i2caddr=0
LoRaWAN1.BSP.i2creg=
LoRaWAN1.BSP.instance=RTC
LoRaWAN1.BSP.ip=RTC
LoRaWAN1.BSP.mode=RTC Enabled
LoRaWAN1.BSP.name=RTC
LoRaWAN1.BSP.semaphore=
LoRaWAN1.BSP.solution=RTC
LoRaWAN2.BSP.STBoard=false
LoRaWAN2.BSP.api=Unknown
LoRaWAN2.BSP.component=
LoRaWAN2.BSP.condition=SEM_LORA_END_NODE  | SEM_LORA_USE_UART
LoRaWAN2.BSP.i2caddr=0
LoRaWAN2.BSP.i2creg=
LoRaWAN2.BSP.instance=USART1
LoRaWAN2.BSP.ip=(LPU|US)ART
LoRaWAN2.BSP.mode=Asynchronous
LoRaWAN2.BSP.name=USART
LoRaWAN2.BSP.semaphore=
LoRaWAN2.BSP.solution=USART1
LoRaWAN3.BSP.STBoard=false
LoRaWAN3.BSP.api=Unknown
LoRaWAN3.BSP.component=
LoRaWAN3.BSP.condition=SEM_BOARD_RESOURCES_M0PLUS_FOR_LORA | SEM_BOARD_RESOURCES_M4_FOR_LORA | SEM_BOARD_RESOURCES_BOTH_FOR_LORA
LoRaWAN3.BSP.i2caddr=0
LoRaWAN3.BSP.i2creg=
LoRaWAN3.BSP.instance=PB5
LoRaWAN3.BSP.ip=GPIO
LoRaWAN3.BSP.mode=Output
LoRaWAN3.BSP.name=LED 2
LoRaWAN3.BSP.semaphore=
LoRaWAN3.BSP.solution=PB5
LoRaWAN4.BSP.STBoard=false
LoRaWAN4.BSP.api=HAL_EXTI_DRIVER
LoRaWAN4.BSP.component=
LoRaWAN4.BSP.condition=SEM_BOARD_RESOURCES_M0PLUS_FOR_LORA | SEM_BOARD_RESOURCES_M4_FOR_LORA | SEM_BOARD_RESOURCES_BOTH_FOR_LORA
LoRaWAN4.BSP.i2caddr=0
LoRaWAN4.BSP.i2creg=
LoRaWAN4.BSP.instance=PB13
LoRaWAN4.BSP.ip=GPIO
LoRaWAN4.BSP.mode=EXTI
LoRaWAN4.BSP.name=BUTTON 1
LoRaWAN4.BSP.semaphore=
LoRaWAN4.BSP.solution=PB13
Mcu.ContextProject=MonoOnDualCore
Mcu.Family=STM32WL
Mcu.IP0=ADC
Mcu.IP1=ADV_TRACE
Mcu.IP10=SUBGHZ
Mcu.IP11=SYS
Mcu.IP12=TIMER
Mcu.IP13=TINY_LPM
Mcu.IP14=USART1
Mcu.IP15=USART2
Mcu.IP2=DMA
Mcu.IP3=I2C2
Mcu.IP4=LORAWAN
Mcu.IP5=MISC
Mcu.IP6=NVIC
Mcu.IP7=RCC
Mcu.IP8=RTC
Mcu.IP9=SEQUENCER_M4
Mcu.IPNb=16
Mcu.Name=STM32WL55JCIx
Mcu.Package=UFBGA73
Mcu.Pin0=PA15
Mcu.Pin1=PB15
Mcu.Pin10=PB13
Mcu.Pin11=PB6
Mcu.Pin12=PB0-VDD_TCXO
Mcu.Pin13=OSC_IN
Mcu.Pin14=PA3
Mcu.Pin15=PA2
Mcu.Pin16=PB10
Mcu.Pin17=PA4
Mcu.Pin18=PA5
Mcu.Pin19=VP_ADC_TempSens_Input
Mcu.Pin2=PC14-OSC32_IN
Mcu.Pin20=VP_ADC_Vref_Input
Mcu.Pin21=VP_ADV_TRACE_VS_ADV_TRACE
Mcu.Pin22=VP_LORAWAN_VS_LoRaWAN
Mcu.Pin23=VP_MISC_VS_MISC
Mcu.Pin24=VP_RTC_VS_RTC_Activate
Mcu.Pin25=VP_RTC_VS_RTC_Calendar
Mcu.Pin26=VP_RTC_VS_RTC_Alarm_A_Intern
Mcu.Pin27=VP_SEQUENCER_M4_VS_SEQUENCER
Mcu.Pin28=VP_SUBGHZ_VS_SUBGHZ
Mcu.Pin29=VP_SYS_VS_Systick
Mcu.Pin3=PB3
Mcu.Pin30=VP_TIMER_VS_TIMER
Mcu.Pin31=VP_TINY_LPM_VS_TINY_LPM
Mcu.Pin4=PB4
Mcu.Pin5=PB7
Mcu.Pin6=PC15-OSC32_OUT
Mcu.Pin7=PA10
Mcu.Pin8=PB5
Mcu.Pin9=PA0
Mcu.PinsNb=32
Mcu.ThirdPartyNb=0
Mcu.UserConstants=USART_BAUDRATE,115200;RTC_PREDIV_A,((1<<(15-RTC_N_PREDIV_S))-1);RTC_N_PREDIV_S,10;RTC_PREDIV_S,((1<<RTC_N_PREDIV_S)-1)
Mcu.UserName=STM32WL55JCIx
MxCube.Version=6.3.0
MxDb.Version=DB.6.0.30
NVIC.BusFault_IRQn=true\:0\:0\:false\:false\:true\:false\:false
NVIC.DMA1_Channel1_IRQn=true\:0\:0\:false\:false\:true\:false\:true
NVIC.DebugMonitor_IRQn=true\:0\:0\:false\:false\:true\:false\:false
NVIC.ForceEnableDMAVector=true
NVIC.HardFault_IRQn=true\:0\:0\:false\:false\:true\:false\:false
NVIC.MemoryManagement_IRQn=true\:0\:0\:false\:false\:true\:false\:false
NVIC.NonMaskableInt_IRQn=true\:0\:0\:false\:false\:true\:false\:false
NVIC.PendSV_IRQn=true\:0\:0\:false\:false\:true\:false\:false
NVIC.PriorityGroup=NVIC_PRIORITYGROUP_4
NVIC.RTC_Alarm_IRQn=true\:0\:0\:false\:false\:true\:true\:true
NVIC.SUBGHZ_Radio_IRQn=true\:0\:0\:false\:false\:true\:true\:true
NVIC.SVCall_IRQn=true\:0\:0\:false\:false\:true\:false\:false
NVIC.SysTick_IRQn=true\:0\:0\:false\:false\:true\:false\:true
NVIC.TAMP_STAMP_LSECSS_SSRU_IRQn=true\:0\:0\:false\:false\:true\:true\:true
NVIC.USART1_IRQn=true\:0\:0\:false\:false\:true\:true\:true
NVIC.UsageFault_IRQn=true\:0\:0\:false\:false\:true\:false\:false
OSC_IN.Mode=HSE-TCXO
OSC_IN.Signal=RCC_OSC_IN
PA0.GPIOParameters=GPIO_Label
PA0.GPIO_Label=DBG1
PA0.Locked=true
PA0.Signal=GPIO_Output
PA10.Locked=true
PA10.Signal=GPIO_Output
PA15.Locked=true
PA15.Mode=I2C
PA15.Signal=I2C2_SDA
PA2.GPIOParameters=GPIO_Label
PA2.GPIO_Label=USARTx_TX
PA2.Locked=true
PA2.Mode=Asynchronous
PA2.Signal=USART2_TX
PA3.GPIOParameters=GPIO_Label
PA3.GPIO_Label=USARTx_RX
PA3.Locked=true
PA3.Mode=Asynchronous
PA3.Signal=USART2_RX
PA4.GPIOParameters=GPIO_Label
PA4.GPIO_Label=RF_CTRL1
PA4.Locked=true
PA4.Signal=GPIO_Output
PA5.GPIOParameters=GPIO_Label
PA5.GPIO_Label=RF_CTRL2
PA5.Locked=true
PA5.Signal=GPIO_Output
PB0-VDD_TCXO.Mode=HSE-TCXO
PB0-VDD_TCXO.Signal=VDDTCXO
PB10.GPIOParameters=GPIO_Label
PB10.GPIO_Label=DBG2
PB10.Locked=true
PB10.Signal=GPIO_Output
PB13.GPIOParameters=GPIO_PuPd,GPIO_Label,GPIO_ModeDefaultEXTI
PB13.GPIO_Label=BUT1
PB13.GPIO_ModeDefaultEXTI=GPIO_MODE_IT_FALLING
PB13.GPIO_PuPd=GPIO_PULLUP
PB13.Locked=true
PB13.Signal=GPXTI13
PB15.Locked=true
PB15.Mode=I2C
PB15.Signal=I2C2_SCL
PB3.GPIOParameters=GPIO_Label
PB3.GPIO_Label=DBG3
PB3.Locked=true
PB3.Signal=GPIO_Output
PB4.GPIOParameters=GPIO_Label
PB4.GPIO_Label=DBG4
PB4.Locked=true
PB4.Signal=GPIO_Output
PB5.GPIOParameters=GPIO_Label
PB5.GPIO_Label=LED2
PB5.Locked=true
PB5.Signal=GPIO_Output
PB6.Mode=Asynchronous
PB6.Signal=USART1_TX
PB7.Mode=Asynchronous
PB7.Signal=USART1_RX
PC14-OSC32_IN.Locked=true
PC14-OSC32_IN.Mode=LSE-External-Oscillator
PC14-OSC32_IN.Signal=RCC_OSC32_IN
PC15-OSC32_OUT.Locked=true
PC15-OSC32_OUT.Mode=LSE-External-Oscillator
PC15-OSC32_OUT.Signal=RCC_OSC32_OUT
PCC.SUBGHZ.FrequencyBand=High
PCC.SUBGHZ.Modulation=FSK
PCC.SUBGHZ.OptionalSettings=false
PCC.SUBGHZ.Output.Power=14
PCC.SUBGHZ.PowerAmplifier=Low Power
PCC.SUBGHZ.RxBoosted=false
PCC.SUBGHZ.SMPS=Off
PinOutPanel.CurrentBGAView=Top
PinOutPanel.RotationAngle=0
ProjectManager.AskForMigrate=true
ProjectManager.BackupPrevious=false
ProjectManager.CompilerOptimize=6
ProjectManager.ComputerToolchain=false
ProjectManager.CoupleFile=true
ProjectManager.CustomerFirmwarePackage=
ProjectManager.DefaultFWLocation=true
ProjectManager.DeletePrevious=true
ProjectManager.DeviceId=STM32WL55JCIx
ProjectManager.FirmwarePackage=STM32Cube FW_WL V1.1.0
ProjectManager.FreePins=false
ProjectManager.HalAssertFull=false
ProjectManager.HeapSize=0x200
ProjectManager.KeepUserCode=true
ProjectManager.LastFirmware=true
ProjectManager.LibraryCopy=1
ProjectManager.MainLocation=Core/Src
ProjectManager.NoMain=false
ProjectManager.PreviousToolchain=STM32CubeIDE
ProjectManager.ProjectBuild=false
ProjectManager.ProjectFileName=LoRa-E5-Mini-EndNode.ioc
ProjectManager.ProjectName=LoRa-E5-Mini-EndNode
ProjectManager.RegisterCallBack=
ProjectManager.StackSize=0x400
ProjectManager.TargetToolchain=STM32CubeIDE
ProjectManager.ToolChainLocation=
ProjectManager.UnderRoot=true
ProjectManager.functionlistsort=1-MX_GPIO_Init-GPIO-false-HAL-true,2-SystemClock_Config-RCC-false-HAL-false,3-MX_SUBGHZ_Init-SUBGHZ-false-HAL-true,4-MX_LoRaWAN_Init-LORAWAN-false-HAL-false,5-MX_DMA_Init-DMA-false-HAL-true,6-MX_USART1_UART_Init-USART1-true-HAL-false,7-MX_ADC_Init-ADC-true-HAL-false,8-MX_RTC_Init-RTC-true-HAL-false,9-MX_I2C2_Init-I2C2-false-HAL-true
RCC.AHBFreq_Value=48000000
RCC.APB1Freq_Value=48000000
RCC.APB1TimFreq_Value=48000000
RCC.APB2Freq_Value=48000000
RCC.APB2TimFreq_Value=48000000
RCC.APB3Freq_Value=48000000
RCC.CortexFreq_Value=48000000
RCC.FCLKCortexFreq_Value=48000000
RCC.FLatency=FLASH_LATENCY_2
RCC.FamilyName=M
RCC.HCLK2Freq_Value=4000000
RCC.HCLK3Freq_Value=48000000
RCC.HCLKFreq_Value=48000000
RCC.HSE_VALUE=32000000
RCC.HSI_VALUE=16000000
RCC.I2C1Freq_Value=48000000
RCC.I2C2Freq_Value=48000000
RCC.I2C3Freq_Value=48000000
RCC.I2S2Freq_Value=16000000
RCC.IPParameters=AHBFreq_Value,APB1Freq_Value,APB1TimFreq_Value,APB2Freq_Value,APB2TimFreq_Value,APB3Freq_Value,CortexFreq_Value,FCLKCortexFreq_Value,FLatency,FamilyName,HCLK2Freq_Value,HCLK3Freq_Value,HCLKFreq_Value,HSE_VALUE,HSI_VALUE,I2C1Freq_Value,I2C2Freq_Value,I2C3Freq_Value,I2S2Freq_Value,LPTIM1Freq_Value,LPTIM2Freq_Value,LPTIM3Freq_Value,LPUART1Freq_Value,LSCOPinFreq_Value,LSE_VALUE,MCO1PinFreq_Value,MSIClockRange,PLLPoutputFreq_Value,PLLQoutputFreq_Value,PLLRCLKFreq_Value,PWRFreq_Value,RNGFreq_Value,RTCClockSelection,RTCFreq_Value,SYSCLKFreq_VALUE,USART1Freq_Value,USART2Freq_Value,VCOInputFreq_Value,VCOOutputFreq_Value
RCC.LPTIM1Freq_Value=48000000
RCC.LPTIM2Freq_Value=48000000
RCC.LPTIM3Freq_Value=48000000
RCC.LPUART1Freq_Value=48000000
RCC.LSCOPinFreq_Value=32000
RCC.LSE_VALUE=32768
RCC.MCO1PinFreq_Value=48000000
RCC.MSIClockRange=RCC_MSIRANGE_11
RCC.PLLPoutputFreq_Value=192000000
RCC.PLLQoutputFreq_Value=192000000
RCC.PLLRCLKFreq_Value=192000000
RCC.PWRFreq_Value=48000000
RCC.RNGFreq_Value=32000
RCC.RTCClockSelection=RCC_RTCCLKSOURCE_LSE
RCC.RTCFreq_Value=32768
RCC.SYSCLKFreq_VALUE=48000000
RCC.USART1Freq_Value=48000000
RCC.USART2Freq_Value=48000000
RCC.VCOInputFreq_Value=48000000
RCC.VCOOutputFreq_Value=384000000
RTC.Alarm-Alarm\ A=RTC_ALARM_A
RTC.AsynchPrediv=RTC_PREDIV_A
RTC.BinMode=RTC_BINARY_ONLY
RTC.IPParameters=AsynchPrediv,BinMode,Alarm-Alarm A
SH.GPXTI13.0=GPIO_EXTI13
SH.GPXTI13.ConfNb=1
SUBGHZ.BaudratePrescaler=SUBGHZSPI_BAUDRATEPRESCALER_4
SUBGHZ.IPParameters=BaudratePrescaler
USART1.BaudRate=USART_BAUDRATE
USART1.IPParameters=VirtualMode-Asynchronous,BaudRate
USART1.VirtualMode-Asynchronous=VM_ASYNC
USART2.BaudRate=9600
USART2.IPParameters=VirtualMode-Asynchronous,BaudRate
USART2.VirtualMode-Asynchronous=VM_ASYNC
VP_ADC_TempSens_Input.Mode=IN-TempSens
VP_ADC_TempSens_Input.Signal=ADC_TempSens_Input
VP_ADC_Vref_Input.Mode=IN-Vrefint
VP_ADC_Vref_Input.Signal=ADC_Vref_Input
VP_ADV_TRACE_VS_ADV_TRACE.Mode=ADV_TRACE_Enabled
VP_ADV_TRACE_VS_ADV_TRACE.Signal=ADV_TRACE_VS_ADV_TRACE
VP_LORAWAN_VS_LoRaWAN.Mode=LoRaWAN_Enabled
VP_LORAWAN_VS_LoRaWAN.Signal=LORAWAN_VS_LoRaWAN
VP_MISC_VS_MISC.Mode=MISC_Enabled
VP_MISC_VS_MISC.Signal=MISC_VS_MISC
VP_RTC_VS_RTC_Activate.Mode=RTC_Enabled
VP_RTC_VS_RTC_Activate.Signal=RTC_VS_RTC_Activate
VP_RTC_VS_RTC_Alarm_A_Intern.Mode=Alarm A
VP_RTC_VS_RTC_Alarm_A_Intern.Signal=RTC_VS_RTC_Alarm_A_Intern
VP_RTC_VS_RTC_Calendar.Mode=RTC_Calendar
VP_RTC_VS_RTC_Calendar.Signal=RTC_VS_RTC_Calendar
VP_SEQUENCER_M4_VS_SEQUENCER.Mode=SEQUENCER_Enabled
VP_SEQUENCER_M4_VS_SEQUENCER.Signal=SEQUENCER_M4_VS_SEQUENCER
VP_SUBGHZ_VS_SUBGHZ.Mode=SUBGHZ_Activate
VP_SUBGHZ_VS_SUBGHZ.Signal=SUBGHZ_VS_SUBGHZ
VP_SYS_VS_Systick.Mode=SysTick
VP_SYS_VS_Systick.Signal=SYS_VS_Systick
VP_TIMER_VS_TIMER.Mode=TIMER_Enabled
VP_TIMER_VS_TIMER.Signal=TIMER_VS_TIMER
VP_TINY_LPM_VS_TINY_LPM.Mode=TINY_LPM_Enabled
VP_TINY_LPM_VS_TINY_LPM.Signal=TINY_LPM_VS_TINY_LPM
board=NUCLEO-WL55JC1
boardIOC=true
isbadioc=false
